
Microsoft Visual Studio Solution File, Format Version 12.00
# Visual Studio Version 17
VisualStudioVersion = 17.4.33122.133
MinimumVisualStudioVersion = 10.0.40219.1
Project("{FAE04EC0-301F-11D3-BF4B-00C04F79EFBC}") = "WPFalibaba", "WPFalibaba\WPFalibaba.csproj", "{3EDD7786-68B3-4967-AE9B-4146703C859B}"
EndProject
Global
	GlobalSection(SolutionConfigurationPlatforms) = preSolution
		Debug|Any CPU = Debug|Any CPU
		Release|Any CPU = Release|Any CPU
	EndGlobalSection
	GlobalSection(ProjectConfigurationPlatforms) = postSolution
		{3EDD7786-68B3-4967-AE9B-4146703C859B}.Debug|Any CPU.ActiveCfg = Debug|Any CPU
		{3EDD7786-68B3-4967-AE9B-4146703C859B}.Debug|Any CPU.Build.0 = Debug|Any CPU
		{3EDD7786-68B3-4967-AE9B-4146703C859B}.Release|Any CPU.ActiveCfg = Release|Any CPU
		{3EDD7786-68B3-4967-AE9B-4146703C859B}.Release|Any CPU.Build.0 = Release|Any CPU
	EndGlobalSection
	GlobalSection(SolutionProperties) = preSolution
		HideSolutionNode = FALSE
	EndGlobalSection
	GlobalSection(ExtensibilityGlobals) = postSolution
		SolutionGuid = {43E18BCF-9208-4706-8990-CD1E09F32BAF}
	EndGlobalSection
EndGlobal
